{
  "name": "timetable",
  "version": "1.0.0",
  "lockfileVersion": 2,
  "requires": true,
  "packages": {
    "": {
      "name": "timetable",
      "version": "1.0.0",
      "hasInstallScript": true,
      "license": "MIT",
      "dependencies": {
        "express-ipfilter": "^1.2.0"
      }
    },
    "node_modules/express-ipfilter": {
      "version": "1.2.0",
      "resolved": "https://registry.npmjs.org/express-ipfilter/-/express-ipfilter-1.2.0.tgz",
      "integrity": "sha512-nPXKMuhqVjX7+Vny4XsrpdqlX4YAGcanE0gh5xzpfmNTsINGAgPnpk67kb0No3p1m4vGQQLU6hdaXRxsuGNlTA==",
      "dependencies": {
        "ip": "~1.1.0",
        "lodash": "^4.17.11",
        "proxy-addr": "^2.0.4",
        "range_check": "^1.2.0"
      },
      "engines": {
        "node": ">=8.9.0"
      }
    },
    "node_modules/forwarded": {
      "version": "0.2.0",
      "resolved": "https://registry.npmjs.org/forwarded/-/forwarded-0.2.0.tgz",
      "integrity": "sha512-buRG0fpBtRHSTCOASe6hD258tEubFoRLb4ZNA6NxMVHNw2gOcwHo9wyablzMzOA5z9xA9L1KNjk/Nt6MT9aYow==",
      "engines": {
        "node": ">= 0.6"
      }
    },
    "node_modules/ip": {
      "version": "1.1.5",
      "resolved": "https://registry.npmjs.org/ip/-/ip-1.1.5.tgz",
      "integrity": "sha1-vd7XARQpCCjAoDnnLvJfWq7ENUo="
    },
    "node_modules/ip6": {
      "version": "0.0.4",
      "resolved": "https://registry.npmjs.org/ip6/-/ip6-0.0.4.tgz",
      "integrity": "sha1-RMWp23njnUBSAbTXjROzhw5I2zE="
    },
    "node_modules/ipaddr.js": {
      "version": "1.9.1",
      "resolved": "https://registry.npmjs.org/ipaddr.js/-/ipaddr.js-1.9.1.tgz",
      "integrity": "sha512-0KI/607xoxSToH7GjN1FfSbLoU0+btTicjsQSWQlh/hZykN8KpmMf7uYwPW3R+akZ6R/w18ZlXSHBYXiYUPO3g==",
      "engines": {
        "node": ">= 0.10"
      }
    },
    "node_modules/lodash": {
      "version": "4.17.21",
      "resolved": "https://registry.npmjs.org/lodash/-/lodash-4.17.21.tgz",
      "integrity": "sha512-v2kDEe57lecTulaDIuNTPy3Ry4gLGJ6Z1O3vE1krgXZNrsQ+LFTGHVxVjcXPs17LhbZVGedAJv8XZ1tvj5FvSg=="
    },
    "node_modules/proxy-addr": {
      "version": "2.0.7",
      "resolved": "https://registry.npmjs.org/proxy-addr/-/proxy-addr-2.0.7.tgz",
      "integrity": "sha512-llQsMLSUDUPT44jdrU/O37qlnifitDP+ZwrmmZcoSKyLKvtZxpyV0n2/bD/N4tBAAZ/gJEdZU7KMraoK1+XYAg==",
      "dependencies": {
        "forwarded": "0.2.0",
        "ipaddr.js": "1.9.1"
      },
      "engines": {
        "node": ">= 0.10"
      }
    },
    "node_modules/range_check": {
      "version": "1.4.0",
      "resolved": "https://registry.npmjs.org/range_check/-/range_check-1.4.0.tgz",
      "integrity": "sha1-zYfHrGLEC6nfabhwPGBPYMN0hjU=",
      "dependencies": {
        "ip6": "0.0.4",
        "ipaddr.js": "1.2"
      }
    },
    "node_modules/range_check/node_modules/ipaddr.js": {
      "version": "1.2.0",
      "resolved": "https://registry.npmjs.org/ipaddr.js/-/ipaddr.js-1.2.0.tgz",
      "integrity": "sha1-irpJyRknmVhb3WQ+DMtQ6K53e6Q=",
      "engines": {
        "node": ">= 0.10"
      }
    }
  },
  "dependencies": {
    "express-ipfilter": {
      "version": "1.2.0",
      "resolved": "https://registry.npmjs.org/express-ipfilter/-/express-ipfilter-1.2.0.tgz",
      "integrity": "sha512-nPXKMuhqVjX7+Vny4XsrpdqlX4YAGcanE0gh5xzpfmNTsINGAgPnpk67kb0No3p1m4vGQQLU6hdaXRxsuGNlTA==",
      "requires": {
        "ip": "~1.1.0",
        "lodash": "^4.17.11",
        "proxy-addr": "^2.0.4",
        "range_check": "^1.2.0"
      }
    },
    "forwarded": {
      "version": "0.2.0",
      "resolved": "https://registry.npmjs.org/forwarded/-/forwarded-0.2.0.tgz",
      "integrity": "sha512-buRG0fpBtRHSTCOASe6hD258tEubFoRLb4ZNA6NxMVHNw2gOcwHo9wyablzMzOA5z9xA9L1KNjk/Nt6MT9aYow=="
    },
    "ip": {
      "version": "1.1.5",
      "resolved": "https://registry.npmjs.org/ip/-/ip-1.1.5.tgz",
      "integrity": "sha1-vd7XARQpCCjAoDnnLvJfWq7ENUo="
    },
    "ip6": {
      "version": "0.0.4",
      "resolved": "https://registry.npmjs.org/ip6/-/ip6-0.0.4.tgz",
      "integrity": "sha1-RMWp23njnUBSAbTXjROzhw5I2zE="
    },
    "ipaddr.js": {
      "version": "1.9.1",
      "resolved": "https://registry.npmjs.org/ipaddr.js/-/ipaddr.js-1.9.1.tgz",
      "integrity": "sha512-0KI/607xoxSToH7GjN1FfSbLoU0+btTicjsQSWQlh/hZykN8KpmMf7uYwPW3R+akZ6R/w18ZlXSHBYXiYUPO3g=="
    },
    "lodash": {
      "version": "4.17.21",
      "resolved": "https://registry.npmjs.org/lodash/-/lodash-4.17.21.tgz",
      "integrity": "sha512-v2kDEe57lecTulaDIuNTPy3Ry4gLGJ6Z1O3vE1krgXZNrsQ+LFTGHVxVjcXPs17LhbZVGedAJv8XZ1tvj5FvSg=="
    },
    "proxy-addr": {
      "version": "2.0.7",
      "resolved": "https://registry.npmjs.org/proxy-addr/-/proxy-addr-2.0.7.tgz",
      "integrity": "sha512-llQsMLSUDUPT44jdrU/O37qlnifitDP+ZwrmmZcoSKyLKvtZxpyV0n2/bD/N4tBAAZ/gJEdZU7KMraoK1+XYAg==",
      "requires": {
        "forwarded": "0.2.0",
        "ipaddr.js": "1.9.1"
      }
    },
    "range_check": {
      "version": "1.4.0",
      "resolved": "https://registry.npmjs.org/range_check/-/range_check-1.4.0.tgz",
      "integrity": "sha1-zYfHrGLEC6nfabhwPGBPYMN0hjU=",
      "requires": {
        "ip6": "0.0.4",
        "ipaddr.js": "1.2"
      },
      "dependencies": {
        "ipaddr.js": {
          "version": "1.2.0",
          "resolved": "https://registry.npmjs.org/ipaddr.js/-/ipaddr.js-1.2.0.tgz",
          "integrity": "sha1-irpJyRknmVhb3WQ+DMtQ6K53e6Q="
        }
      }
    }
  }
}
